
Microsoft Visual Studio Solution File, Format Version 12.00
# Visual Studio Version 17
VisualStudioVersion = 17.9.34728.123
MinimumVisualStudioVersion = 10.0.40219.1
Project("{9A19103F-16F7-4668-BE54-9A1E7A4F7556}") = "Web", "Web\Web.csproj", "{9499B87E-0144-4C7C-8CEA-FC6D23F5DFC1}"
EndProject
Project("{9A19103F-16F7-4668-BE54-9A1E7A4F7556}") = "(InActive)RazorWeb", "RazorWeb\(InActive)RazorWeb.csproj", "{C0F455E6-3F9E-4591-9523-229C6181FFF4}"
EndProject
Project("{FAE04EC0-301F-11D3-BF4B-00C04F79EFBC}") = "DataAccess", "DataAccess\DataAccess.csproj", "{218B6DAD-3079-4272-B97A-59CADDB74CC8}"
EndProject
Project("{FAE04EC0-301F-11D3-BF4B-00C04F79EFBC}") = "Model", "Model\Model.csproj", "{0F65755B-6459-423B-A02F-2B0AED63D61C}"
EndProject
Project("{FAE04EC0-301F-11D3-BF4B-00C04F79EFBC}") = "Utility", "Utility\Utility.csproj", "{8781981C-050D-48D6-A0D5-9D2E3FFD51DB}"
EndProject
Global
	GlobalSection(SolutionConfigurationPlatforms) = preSolution
		Debug|Any CPU = Debug|Any CPU
		Release|Any CPU = Release|Any CPU
	EndGlobalSection
	GlobalSection(ProjectConfigurationPlatforms) = postSolution
		{9499B87E-0144-4C7C-8CEA-FC6D23F5DFC1}.Debug|Any CPU.ActiveCfg = Debug|Any CPU
		{9499B87E-0144-4C7C-8CEA-FC6D23F5DFC1}.Debug|Any CPU.Build.0 = Debug|Any CPU
		{9499B87E-0144-4C7C-8CEA-FC6D23F5DFC1}.Release|Any CPU.ActiveCfg = Release|Any CPU
		{9499B87E-0144-4C7C-8CEA-FC6D23F5DFC1}.Release|Any CPU.Build.0 = Release|Any CPU
		{C0F455E6-3F9E-4591-9523-229C6181FFF4}.Debug|Any CPU.ActiveCfg = Debug|Any CPU
		{C0F455E6-3F9E-4591-9523-229C6181FFF4}.Debug|Any CPU.Build.0 = Debug|Any CPU
		{C0F455E6-3F9E-4591-9523-229C6181FFF4}.Release|Any CPU.ActiveCfg = Release|Any CPU
		{C0F455E6-3F9E-4591-9523-229C6181FFF4}.Release|Any CPU.Build.0 = Release|Any CPU
		{218B6DAD-3079-4272-B97A-59CADDB74CC8}.Debug|Any CPU.ActiveCfg = Debug|Any CPU
		{218B6DAD-3079-4272-B97A-59CADDB74CC8}.Debug|Any CPU.Build.0 = Debug|Any CPU
		{218B6DAD-3079-4272-B97A-59CADDB74CC8}.Release|Any CPU.ActiveCfg = Release|Any CPU
		{218B6DAD-3079-4272-B97A-59CADDB74CC8}.Release|Any CPU.Build.0 = Release|Any CPU
		{0F65755B-6459-423B-A02F-2B0AED63D61C}.Debug|Any CPU.ActiveCfg = Debug|Any CPU
		{0F65755B-6459-423B-A02F-2B0AED63D61C}.Debug|Any CPU.Build.0 = Debug|Any CPU
		{0F65755B-6459-423B-A02F-2B0AED63D61C}.Release|Any CPU.ActiveCfg = Release|Any CPU
		{0F65755B-6459-423B-A02F-2B0AED63D61C}.Release|Any CPU.Build.0 = Release|Any CPU
		{8781981C-050D-48D6-A0D5-9D2E3FFD51DB}.Debug|Any CPU.ActiveCfg = Debug|Any CPU
		{8781981C-050D-48D6-A0D5-9D2E3FFD51DB}.Debug|Any CPU.Build.0 = Debug|Any CPU
		{8781981C-050D-48D6-A0D5-9D2E3FFD51DB}.Release|Any CPU.ActiveCfg = Release|Any CPU
		{8781981C-050D-48D6-A0D5-9D2E3FFD51DB}.Release|Any CPU.Build.0 = Release|Any CPU
	EndGlobalSection
	GlobalSection(SolutionProperties) = preSolution
		HideSolutionNode = FALSE
	EndGlobalSection
	GlobalSection(ExtensibilityGlobals) = postSolution
		SolutionGuid = {BF55D0F9-E824-4A97-8949-11C71C3F958D}
	EndGlobalSection
EndGlobal
